
Microsoft Visual Studio Solution File, Format Version 12.00
# Visual Studio Version 16
VisualStudioVersion = 16.0.29806.167
MinimumVisualStudioVersion = 10.0.40219.1
Project("{F184B08F-C81C-45F6-A57F-5ABD9991F28F}") = "McDonalds", "McDonalds\McDonalds.vbproj", "{3FB576D2-D8CE-436B-8C98-5448BA24C075}"
EndProject
Global
	GlobalSection(SolutionConfigurationPlatforms) = preSolution
		Debug|Any CPU = Debug|Any CPU
		Release|Any CPU = Release|Any CPU
	EndGlobalSection
	GlobalSection(ProjectConfigurationPlatforms) = postSolution
		{3FB576D2-D8CE-436B-8C98-5448BA24C075}.Debug|Any CPU.ActiveCfg = Debug|Any CPU
		{3FB576D2-D8CE-436B-8C98-5448BA24C075}.Debug|Any CPU.Build.0 = Debug|Any CPU
		{3FB576D2-D8CE-436B-8C98-5448BA24C075}.Release|Any CPU.ActiveCfg = Release|Any CPU
		{3FB576D2-D8CE-436B-8C98-5448BA24C075}.Release|Any CPU.Build.0 = Release|Any CPU
	EndGlobalSection
	GlobalSection(SolutionProperties) = preSolution
		HideSolutionNode = FALSE
	EndGlobalSection
	GlobalSection(ExtensibilityGlobals) = postSolution
		SolutionGuid = {74A697B5-4BB5-4D99-985B-91FD2FD5A228}
	EndGlobalSection
EndGlobal
